
Microsoft Visual Studio Solution File, Format Version 12.00
# Visual Studio Version 17
VisualStudioVersion = 17.9.34723.18
MinimumVisualStudioVersion = 10.0.40219.1
Project("{FAE04EC0-301F-11D3-BF4B-00C04F79EFBC}") = "EjercicioPersona", "EjercicioPersona\EjercicioPersona.csproj", "{09F53E94-009C-4F71-9A3A-742E9359EFEF}"
EndProject
Global
	GlobalSection(SolutionConfigurationPlatforms) = preSolution
		Debug|Any CPU = Debug|Any CPU
		Release|Any CPU = Release|Any CPU
	EndGlobalSection
	GlobalSection(ProjectConfigurationPlatforms) = postSolution
		{09F53E94-009C-4F71-9A3A-742E9359EFEF}.Debug|Any CPU.ActiveCfg = Debug|Any CPU
		{09F53E94-009C-4F71-9A3A-742E9359EFEF}.Debug|Any CPU.Build.0 = Debug|Any CPU
		{09F53E94-009C-4F71-9A3A-742E9359EFEF}.Release|Any CPU.ActiveCfg = Release|Any CPU
		{09F53E94-009C-4F71-9A3A-742E9359EFEF}.Release|Any CPU.Build.0 = Release|Any CPU
	EndGlobalSection
	GlobalSection(SolutionProperties) = preSolution
		HideSolutionNode = FALSE
	EndGlobalSection
	GlobalSection(ExtensibilityGlobals) = postSolution
		SolutionGuid = {59658C52-60A2-4616-88C2-DE94FC5FCBE1}
	EndGlobalSection
EndGlobal
